{
  "name": "linux-events",
  "version": "1.0.0",
  "lockfileVersion": 3,
  "requires": true,
  "packages": {
    "": {
      "name": "linux-events",
      "version": "1.0.0",
      "license": "ISC",
      "dependencies": {
        "linux-events": "^1.0.0"
      }
    },
    "node_modules/linux-events": {
      "version": "1.0.0",
      "resolved": "https://registry.npmjs.org/linux-events/-/linux-events-1.0.0.tgz",
      "integrity": "sha512-ghhiTLQCldKcI5Se7opEnRUXY2yvckJZGwfjSEDCoJmsBOxy0rPo/DswJuMEU6V28+CVnrzKsEnoe6ohs/kVfw==",
      "license": "ISC"
    }
  }
}
